// !$*UTF8*$!
{
	archiveVersion = 1;
	classes = {
	};
	objectVersion = 56;
	objects = {

/* Begin PBXBuildFile section */
		8556B26E29DC813900D57235 /* MemoryData.swift in Sources */ = {isa = PBXBuildFile; fileRef = 8556B26D29DC813900D57235 /* MemoryData.swift */; };
		8556B27329DCADDD00D57235 /* MemoryTile.swift in Sources */ = {isa = PBXBuildFile; fileRef = 8556B27229DCADDD00D57235 /* MemoryTile.swift */; };
		8556B27529DCAF4100D57235 /* DetailedMemoryView.swift in Sources */ = {isa = PBXBuildFile; fileRef = 8556B27429DCAF4100D57235 /* DetailedMemoryView.swift */; };
		85ECE90129DC2AFC006F5BBF /* Memory_LaneApp.swift in Sources */ = {isa = PBXBuildFile; fileRef = 85ECE90029DC2AFC006F5BBF /* Memory_LaneApp.swift */; };
		85ECE90329DC2AFC006F5BBF /* ContentView.swift in Sources */ = {isa = PBXBuildFile; fileRef = 85ECE90229DC2AFC006F5BBF /* ContentView.swift */; };
		85ECE90529DC2AFD006F5BBF /* Assets.xcassets in Resources */ = {isa = PBXBuildFile; fileRef = 85ECE90429DC2AFD006F5BBF /* Assets.xcassets */; };
		85ECE90829DC2AFD006F5BBF /* Preview Assets.xcassets in Resources */ = {isa = PBXBuildFile; fileRef = 85ECE90729DC2AFD006F5BBF /* Preview Assets.xcassets */; };
		85ECE90A29DC2AFD006F5BBF /* Persistence.swift in Sources */ = {isa = PBXBuildFile; fileRef = 85ECE90929DC2AFD006F5BBF /* Persistence.swift */; };
		85ECE90D29DC2AFD006F5BBF /* Memory_Lane.xcdatamodeld in Sources */ = {isa = PBXBuildFile; fileRef = 85ECE90B29DC2AFD006F5BBF /* Memory_Lane.xcdatamodeld */; };
		85ECE91429DC2C3B006F5BBF /* WelcomeView.swift in Sources */ = {isa = PBXBuildFile; fileRef = 85ECE91329DC2C3B006F5BBF /* WelcomeView.swift */; };
		85ECE91629DC3B93006F5BBF /* HomeView.swift in Sources */ = {isa = PBXBuildFile; fileRef = 85ECE91529DC3B93006F5BBF /* HomeView.swift */; };
		85ECE91829DC3D65006F5BBF /* MemoriesView.swift in Sources */ = {isa = PBXBuildFile; fileRef = 85ECE91729DC3D65006F5BBF /* MemoriesView.swift */; };
		85ECE91A29DC3D75006F5BBF /* MakeMemoryView.swift in Sources */ = {isa = PBXBuildFile; fileRef = 85ECE91929DC3D75006F5BBF /* MakeMemoryView.swift */; };
		85ECE91C29DC5C2C006F5BBF /* ImagePicker.swift in Sources */ = {isa = PBXBuildFile; fileRef = 85ECE91B29DC5C2C006F5BBF /* ImagePicker.swift */; };
		85ECE91E29DC5F8A006F5BBF /* DateUtils.swift in Sources */ = {isa = PBXBuildFile; fileRef = 85ECE91D29DC5F89006F5BBF /* DateUtils.swift */; };
/* End PBXBuildFile section */

/* Begin PBXFileReference section */
		8556B26D29DC813900D57235 /* MemoryData.swift */ = {isa = PBXFileReference; lastKnownFileType = sourcecode.swift; path = MemoryData.swift; sourceTree = "<group>"; };
		8556B27229DCADDD00D57235 /* MemoryTile.swift */ = {isa = PBXFileReference; lastKnownFileType = sourcecode.swift; path = MemoryTile.swift; sourceTree = "<group>"; };
		8556B27429DCAF4100D57235 /* DetailedMemoryView.swift */ = {isa = PBXFileReference; lastKnownFileType = sourcecode.swift; path = DetailedMemoryView.swift; sourceTree = "<group>"; };
		85ECE8FD29DC2AFC006F5BBF /* Memory Lane.app */ = {isa = PBXFileReference; explicitFileType = wrapper.application; includeInIndex = 0; path = "Memory Lane.app"; sourceTree = BUILT_PRODUCTS_DIR; };
		85ECE90029DC2AFC006F5BBF /* Memory_LaneApp.swift */ = {isa = PBXFileReference; lastKnownFileType = sourcecode.swift; path = Memory_LaneApp.swift; sourceTree = "<group>"; };
		85ECE90229DC2AFC006F5BBF /* ContentView.swift */ = {isa = PBXFileReference; lastKnownFileType = sourcecode.swift; path = ContentView.swift; sourceTree = "<group>"; };
		85ECE90429DC2AFD006F5BBF /* Assets.xcassets */ = {isa = PBXFileReference; lastKnownFileType = folder.assetcatalog; path = Assets.xcassets; sourceTree = "<group>"; };
		85ECE90729DC2AFD006F5BBF /* Preview Assets.xcassets */ = {isa = PBXFileReference; lastKnownFileType = folder.assetcatalog; path = "Preview Assets.xcassets"; sourceTree = "<group>"; };
		85ECE90929DC2AFD006F5BBF /* Persistence.swift */ = {isa = PBXFileReference; lastKnownFileType = sourcecode.swift; path = Persistence.swift; sourceTree = "<group>"; };
		85ECE90C29DC2AFD006F5BBF /* Memory_Lane.xcdatamodel */ = {isa = PBXFileReference; lastKnownFileType = wrapper.xcdatamodel; path = Memory_Lane.xcdatamodel; sourceTree = "<group>"; };
		85ECE91329DC2C3B006F5BBF /* WelcomeView.swift */ = {isa = PBXFileReference; lastKnownFileType = sourcecode.swift; path = WelcomeView.swift; sourceTree = "<group>"; };
		85ECE91529DC3B93006F5BBF /* HomeView.swift */ = {isa = PBXFileReference; lastKnownFileType = sourcecode.swift; path = HomeView.swift; sourceTree = "<group>"; };
		85ECE91729DC3D65006F5BBF /* MemoriesView.swift */ = {isa = PBXFileReference; lastKnownFileType = sourcecode.swift; path = MemoriesView.swift; sourceTree = "<group>"; };
		85ECE91929DC3D75006F5BBF /* MakeMemoryView.swift */ = {isa = PBXFileReference; lastKnownFileType = sourcecode.swift; path = MakeMemoryView.swift; sourceTree = "<group>"; };
		85ECE91B29DC5C2C006F5BBF /* ImagePicker.swift */ = {isa = PBXFileReference; lastKnownFileType = sourcecode.swift; path = ImagePicker.swift; sourceTree = "<group>"; };
		85ECE91D29DC5F89006F5BBF /* DateUtils.swift */ = {isa = PBXFileReference; lastKnownFileType = sourcecode.swift; path = DateUtils.swift; sourceTree = "<group>"; };
/* End PBXFileReference section */

/* Begin PBXFrameworksBuildPhase section */
		85ECE8FA29DC2AFC006F5BBF /* Frameworks */ = {
			isa = PBXFrameworksBuildPhase;
			buildActionMask = 2147483647;
			files = (
			);
			runOnlyForDeploymentPostprocessing = 0;
		};
/* End PBXFrameworksBuildPhase section */

/* Begin PBXGroup section */
		8556B26F29DC814B00D57235 /* Utils */ = {
			isa = PBXGroup;
			children = (
				85ECE91B29DC5C2C006F5BBF /* ImagePicker.swift */,
				8556B26D29DC813900D57235 /* MemoryData.swift */,
				85ECE91D29DC5F89006F5BBF /* DateUtils.swift */,
			);
			path = Utils;
			sourceTree = "<group>";
		};
		8556B27029DC816900D57235 /* Views */ = {
			isa = PBXGroup;
			children = (
				85ECE91529DC3B93006F5BBF /* HomeView.swift */,
				85ECE91729DC3D65006F5BBF /* MemoriesView.swift */,
				85ECE91929DC3D75006F5BBF /* MakeMemoryView.swift */,
				85ECE91329DC2C3B006F5BBF /* WelcomeView.swift */,
				8556B27429DCAF4100D57235 /* DetailedMemoryView.swift */,
			);
			path = Views;
			sourceTree = "<group>";
		};
		8556B27129DCADD200D57235 /* Components */ = {
			isa = PBXGroup;
			children = (
				8556B27229DCADDD00D57235 /* MemoryTile.swift */,
			);
			path = Components;
			sourceTree = "<group>";
		};
		85ECE8F429DC2AFC006F5BBF = {
			isa = PBXGroup;
			children = (
				85ECE8FF29DC2AFC006F5BBF /* Memory Lane */,
				85ECE8FE29DC2AFC006F5BBF /* Products */,
			);
			sourceTree = "<group>";
		};
		85ECE8FE29DC2AFC006F5BBF /* Products */ = {
			isa = PBXGroup;
			children = (
				85ECE8FD29DC2AFC006F5BBF /* Memory Lane.app */,
			);
			name = Products;
			sourceTree = "<group>";
		};
		85ECE8FF29DC2AFC006F5BBF /* Memory Lane */ = {
			isa = PBXGroup;
			children = (
				8556B27129DCADD200D57235 /* Components */,
				8556B27029DC816900D57235 /* Views */,
				8556B26F29DC814B00D57235 /* Utils */,
				85ECE90029DC2AFC006F5BBF /* Memory_LaneApp.swift */,
				85ECE90229DC2AFC006F5BBF /* ContentView.swift */,
				85ECE90429DC2AFD006F5BBF /* Assets.xcassets */,
				85ECE90929DC2AFD006F5BBF /* Persistence.swift */,
				85ECE90B29DC2AFD006F5BBF /* Memory_Lane.xcdatamodeld */,
				85ECE90629DC2AFD006F5BBF /* Preview Content */,
			);
			path = "Memory Lane";
			sourceTree = "<group>";
		};
		85ECE90629DC2AFD006F5BBF /* Preview Content */ = {
			isa = PBXGroup;
			children = (
				85ECE90729DC2AFD006F5BBF /* Preview Assets.xcassets */,
			);
			path = "Preview Content";
			sourceTree = "<group>";
		};
/* End PBXGroup section */

/* Begin PBXNativeTarget section */
		85ECE8FC29DC2AFC006F5BBF /* Memory Lane */ = {
			isa = PBXNativeTarget;
			buildConfigurationList = 85ECE91029DC2AFD006F5BBF /* Build configuration list for PBXNativeTarget "Memory Lane" */;
			buildPhases = (
				85ECE8F929DC2AFC006F5BBF /* Sources */,
				85ECE8FA29DC2AFC006F5BBF /* Frameworks */,
				85ECE8FB29DC2AFC006F5BBF /* Resources */,
			);
			buildRules = (
			);
			dependencies = (
			);
			name = "Memory Lane";
			productName = "Memory Lane";
			productReference = 85ECE8FD29DC2AFC006F5BBF /* Memory Lane.app */;
			productType = "com.apple.product-type.application";
		};
/* End PBXNativeTarget section */

/* Begin PBXProject section */
		85ECE8F529DC2AFC006F5BBF /* Project object */ = {
			isa = PBXProject;
			attributes = {
				BuildIndependentTargetsInParallel = 1;
				LastSwiftUpdateCheck = 1420;
				LastUpgradeCheck = 1420;
				TargetAttributes = {
					85ECE8FC29DC2AFC006F5BBF = {
						CreatedOnToolsVersion = 14.2;
					};
				};
			};
			buildConfigurationList = 85ECE8F829DC2AFC006F5BBF /* Build configuration list for PBXProject "Memory Lane" */;
			compatibilityVersion = "Xcode 14.0";
			developmentRegion = en;
			hasScannedForEncodings = 0;
			knownRegions = (
				en,
				Base,
			);
			mainGroup = 85ECE8F429DC2AFC006F5BBF;
			productRefGroup = 85ECE8FE29DC2AFC006F5BBF /* Products */;
			projectDirPath = "";
			projectRoot = "";
			targets = (
				85ECE8FC29DC2AFC006F5BBF /* Memory Lane */,
			);
		};
/* End PBXProject section */

/* Begin PBXResourcesBuildPhase section */
		85ECE8FB29DC2AFC006F5BBF /* Resources */ = {
			isa = PBXResourcesBuildPhase;
			buildActionMask = 2147483647;
			files = (
				85ECE90829DC2AFD006F5BBF /* Preview Assets.xcassets in Resources */,
				85ECE90529DC2AFD006F5BBF /* Assets.xcassets in Resources */,
			);
			runOnlyForDeploymentPostprocessing = 0;
		};
/* End PBXResourcesBuildPhase section */

/* Begin PBXSourcesBuildPhase section */
		85ECE8F929DC2AFC006F5BBF /* Sources */ = {
			isa = PBXSourcesBuildPhase;
			buildActionMask = 2147483647;
			files = (
				85ECE91429DC2C3B006F5BBF /* WelcomeView.swift in Sources */,
				85ECE91A29DC3D75006F5BBF /* MakeMemoryView.swift in Sources */,
				85ECE90D29DC2AFD006F5BBF /* Memory_Lane.xcdatamodeld in Sources */,
				85ECE91C29DC5C2C006F5BBF /* ImagePicker.swift in Sources */,
				85ECE90A29DC2AFD006F5BBF /* Persistence.swift in Sources */,
				85ECE91E29DC5F8A006F5BBF /* DateUtils.swift in Sources */,
				8556B27529DCAF4100D57235 /* DetailedMemoryView.swift in Sources */,
				85ECE91629DC3B93006F5BBF /* HomeView.swift in Sources */,
				85ECE90329DC2AFC006F5BBF /* ContentView.swift in Sources */,
				85ECE90129DC2AFC006F5BBF /* Memory_LaneApp.swift in Sources */,
				8556B26E29DC813900D57235 /* MemoryData.swift in Sources */,
				8556B27329DCADDD00D57235 /* MemoryTile.swift in Sources */,
				85ECE91829DC3D65006F5BBF /* MemoriesView.swift in Sources */,
			);
			runOnlyForDeploymentPostprocessing = 0;
		};
/* End PBXSourcesBuildPhase section */

/* Begin XCBuildConfiguration section */
		85ECE90E29DC2AFD006F5BBF /* Debug */ = {
			isa = XCBuildConfiguration;
			buildSettings = {
				ALWAYS_SEARCH_USER_PATHS = NO;
				CLANG_ANALYZER_NONNULL = YES;
				CLANG_ANALYZER_NUMBER_OBJECT_CONVERSION = YES_AGGRESSIVE;
				CLANG_CXX_LANGUAGE_STANDARD = "gnu++20";
				CLANG_ENABLE_MODULES = YES;
				CLANG_ENABLE_OBJC_ARC = YES;
				CLANG_ENABLE_OBJC_WEAK = YES;
				CLANG_WARN_BLOCK_CAPTURE_AUTORELEASING = YES;
				CLANG_WARN_BOOL_CONVERSION = YES;
				CLANG_WARN_COMMA = YES;
				CLANG_WARN_CONSTANT_CONVERSION = YES;
				CLANG_WARN_DEPRECATED_OBJC_IMPLEMENTATIONS = YES;
				CLANG_WARN_DIRECT_OBJC_ISA_USAGE = YES_ERROR;
				CLANG_WARN_DOCUMENTATION_COMMENTS = YES;
				CLANG_WARN_EMPTY_BODY = YES;
				CLANG_WARN_ENUM_CONVERSION = YES;
				CLANG_WARN_INFINITE_RECURSION = YES;
				CLANG_WARN_INT_CONVERSION = YES;
				CLANG_WARN_NON_LITERAL_NULL_CONVERSION = YES;
				CLANG_WARN_OBJC_IMPLICIT_RETAIN_SELF = YES;
				CLANG_WARN_OBJC_LITERAL_CONVERSION = YES;
				CLANG_WARN_OBJC_ROOT_CLASS = YES_ERROR;
				CLANG_WARN_QUOTED_INCLUDE_IN_FRAMEWORK_HEADER = YES;
				CLANG_WARN_RANGE_LOOP_ANALYSIS = YES;
				CLANG_WARN_STRICT_PROTOTYPES = YES;
				CLANG_WARN_SUSPICIOUS_MOVE = YES;
				CLANG_WARN_UNGUARDED_AVAILABILITY = YES_AGGRESSIVE;
				CLANG_WARN_UNREACHABLE_CODE = YES;
				CLANG_WARN__DUPLICATE_METHOD_MATCH = YES;
				COPY_PHASE_STRIP = NO;
				DEBUG_INFORMATION_FORMAT = dwarf;
				ENABLE_STRICT_OBJC_MSGSEND = YES;
				ENABLE_TESTABILITY = YES;
				GCC_C_LANGUAGE_STANDARD = gnu11;
				GCC_DYNAMIC_NO_PIC = NO;
				GCC_NO_COMMON_BLOCKS = YES;
				GCC_OPTIMIZATION_LEVEL = 0;
				GCC_PREPROCESSOR_DEFINITIONS = (
					"DEBUG=1",
					"$(inherited)",
				);
				GCC_WARN_64_TO_32_BIT_CONVERSION = YES;
				GCC_WARN_ABOUT_RETURN_TYPE = YES_ERROR;
				GCC_WARN_UNDECLARED_SELECTOR = YES;
				GCC_WARN_UNINITIALIZED_AUTOS = YES_AGGRESSIVE;
				GCC_WARN_UNUSED_FUNCTION = YES;
				GCC_WARN_UNUSED_VARIABLE = YES;
				IPHONEOS_DEPLOYMENT_TARGET = 16.2;
				MTL_ENABLE_DEBUG_INFO = INCLUDE_SOURCE;
				MTL_FAST_MATH = YES;
				ONLY_ACTIVE_ARCH = YES;
				SDKROOT = iphoneos;
				SWIFT_ACTIVE_COMPILATION_CONDITIONS = DEBUG;
				SWIFT_OPTIMIZATION_LEVEL = "-Onone";
			};
			name = Debug;
		};
		85ECE90F29DC2AFD006F5BBF /* Release */ = {
			isa = XCBuildConfiguration;
			buildSettings = {
				ALWAYS_SEARCH_USER_PATHS = NO;
				CLANG_ANALYZER_NONNULL = YES;
				CLANG_ANALYZER_NUMBER_OBJECT_CONVERSION = YES_AGGRESSIVE;
				CLANG_CXX_LANGUAGE_STANDARD = "gnu++20";
				CLANG_ENABLE_MODULES = YES;
				CLANG_ENABLE_OBJC_ARC = YES;
				CLANG_ENABLE_OBJC_WEAK = YES;
				CLANG_WARN_BLOCK_CAPTURE_AUTORELEASING = YES;
				CLANG_WARN_BOOL_CONVERSION = YES;
				CLANG_WARN_COMMA = YES;
				CLANG_WARN_CONSTANT_CONVERSION = YES;
				CLANG_WARN_DEPRECATED_OBJC_IMPLEMENTATIONS = YES;
				CLANG_WARN_DIRECT_OBJC_ISA_USAGE = YES_ERROR;
				CLANG_WARN_DOCUMENTATION_COMMENTS = YES;
				CLANG_WARN_EMPTY_BODY = YES;
				CLANG_WARN_ENUM_CONVERSION = YES;
				CLANG_WARN_INFINITE_RECURSION = YES;
				CLANG_WARN_INT_CONVERSION = YES;
				CLANG_WARN_NON_LITERAL_NULL_CONVERSION = YES;
				CLANG_WARN_OBJC_IMPLICIT_RETAIN_SELF = YES;
				CLANG_WARN_OBJC_LITERAL_CONVERSION = YES;
				CLANG_WARN_OBJC_ROOT_CLASS = YES_ERROR;
				CLANG_WARN_QUOTED_INCLUDE_IN_FRAMEWORK_HEADER = YES;
				CLANG_WARN_RANGE_LOOP_ANALYSIS = YES;
				CLANG_WARN_STRICT_PROTOTYPES = YES;
				CLANG_WARN_SUSPICIOUS_MOVE = YES;
				CLANG_WARN_UNGUARDED_AVAILABILITY = YES_AGGRESSIVE;
				CLANG_WARN_UNREACHABLE_CODE = YES;
				CLANG_WARN__DUPLICATE_METHOD_MATCH = YES;
				COPY_PHASE_STRIP = NO;
				DEBUG_INFORMATION_FORMAT = "dwarf-with-dsym";
				ENABLE_NS_ASSERTIONS = NO;
				ENABLE_STRICT_OBJC_MSGSEND = YES;
				GCC_C_LANGUAGE_STANDARD = gnu11;
				GCC_NO_COMMON_BLOCKS = YES;
				GCC_WARN_64_TO_32_BIT_CONVERSION = YES;
				GCC_WARN_ABOUT_RETURN_TYPE = YES_ERROR;
				GCC_WARN_UNDECLARED_SELECTOR = YES;
				GCC_WARN_UNINITIALIZED_AUTOS = YES_AGGRESSIVE;
				GCC_WARN_UNUSED_FUNCTION = YES;
				GCC_WARN_UNUSED_VARIABLE = YES;
				IPHONEOS_DEPLOYMENT_TARGET = 16.2;
				MTL_ENABLE_DEBUG_INFO = NO;
				MTL_FAST_MATH = YES;
				SDKROOT = iphoneos;
				SWIFT_COMPILATION_MODE = wholemodule;
				SWIFT_OPTIMIZATION_LEVEL = "-O";
				VALIDATE_PRODUCT = YES;
			};
			name = Release;
		};
		85ECE91129DC2AFD006F5BBF /* Debug */ = {
			isa = XCBuildConfiguration;
			buildSettings = {
				ASSETCATALOG_COMPILER_APPICON_NAME = AppIcon;
				ASSETCATALOG_COMPILER_GLOBAL_ACCENT_COLOR_NAME = AccentColor;
				CODE_SIGN_STYLE = Automatic;
				CURRENT_PROJECT_VERSION = 1;
				DEVELOPMENT_ASSET_PATHS = "\"Memory Lane/Preview Content\"";
				DEVELOPMENT_TEAM = DL789K5Q2H;
				ENABLE_PREVIEWS = YES;
				GENERATE_INFOPLIST_FILE = YES;
				INFOPLIST_KEY_NSCameraUsageDescription = "To grab a foto inside the app to create a new memory";
				INFOPLIST_KEY_NSPhotoLibraryUsageDescription = "To pick fotos from today for the memory you want to create";
				INFOPLIST_KEY_UIApplicationSceneManifest_Generation = YES;
				INFOPLIST_KEY_UIApplicationSupportsIndirectInputEvents = YES;
				INFOPLIST_KEY_UILaunchScreen_Generation = YES;
				INFOPLIST_KEY_UISupportedInterfaceOrientations_iPad = "UIInterfaceOrientationPortrait UIInterfaceOrientationPortraitUpsideDown UIInterfaceOrientationLandscapeLeft UIInterfaceOrientationLandscapeRight";
				INFOPLIST_KEY_UISupportedInterfaceOrientations_iPhone = "UIInterfaceOrientationPortrait UIInterfaceOrientationLandscapeLeft UIInterfaceOrientationLandscapeRight";
				IPHONEOS_DEPLOYMENT_TARGET = 16.1;
				LD_RUNPATH_SEARCH_PATHS = (
					"$(inherited)",
					"@executable_path/Frameworks",
				);
				MARKETING_VERSION = 1.0;
				PRODUCT_BUNDLE_IDENTIFIER = "com.kizo-agency.Memory-Lane";
				PRODUCT_NAME = "$(TARGET_NAME)";
				SWIFT_EMIT_LOC_STRINGS = YES;
				SWIFT_VERSION = 5.0;
				TARGETED_DEVICE_FAMILY = "1,2";
			};
			name = Debug;
		};
		85ECE91229DC2AFD006F5BBF /* Release */ = {
			isa = XCBuildConfiguration;
			buildSettings = {
				ASSETCATALOG_COMPILER_APPICON_NAME = AppIcon;
				ASSETCATALOG_COMPILER_GLOBAL_ACCENT_COLOR_NAME = AccentColor;
				CODE_SIGN_STYLE = Automatic;
				CURRENT_PROJECT_VERSION = 1;
				DEVELOPMENT_ASSET_PATHS = "\"Memory Lane/Preview Content\"";
				DEVELOPMENT_TEAM = DL789K5Q2H;
				ENABLE_PREVIEWS = YES;
				GENERATE_INFOPLIST_FILE = YES;
				INFOPLIST_KEY_NSCameraUsageDescription = "To grab a foto inside the app to create a new memory";
				INFOPLIST_KEY_NSPhotoLibraryUsageDescription = "To pick fotos from today for the memory you want to create";
				INFOPLIST_KEY_UIApplicationSceneManifest_Generation = YES;
				INFOPLIST_KEY_UIApplicationSupportsIndirectInputEvents = YES;
				INFOPLIST_KEY_UILaunchScreen_Generation = YES;
				INFOPLIST_KEY_UISupportedInterfaceOrientations_iPad = "UIInterfaceOrientationPortrait UIInterfaceOrientationPortraitUpsideDown UIInterfaceOrientationLandscapeLeft UIInterfaceOrientationLandscapeRight";
				INFOPLIST_KEY_UISupportedInterfaceOrientations_iPhone = "UIInterfaceOrientationPortrait UIInterfaceOrientationLandscapeLeft UIInterfaceOrientationLandscapeRight";
				IPHONEOS_DEPLOYMENT_TARGET = 16.1;
				LD_RUNPATH_SEARCH_PATHS = (
					"$(inherited)",
					"@executable_path/Frameworks",
				);
				MARKETING_VERSION = 1.0;
				PRODUCT_BUNDLE_IDENTIFIER = "com.kizo-agency.Memory-Lane";
				PRODUCT_NAME = "$(TARGET_NAME)";
				SWIFT_EMIT_LOC_STRINGS = YES;
				SWIFT_VERSION = 5.0;
				TARGETED_DEVICE_FAMILY = "1,2";
			};
			name = Release;
		};
/* End XCBuildConfiguration section */

/* Begin XCConfigurationList section */
		85ECE8F829DC2AFC006F5BBF /* Build configuration list for PBXProject "Memory Lane" */ = {
			isa = XCConfigurationList;
			buildConfigurations = (
				85ECE90E29DC2AFD006F5BBF /* Debug */,
				85ECE90F29DC2AFD006F5BBF /* Release */,
			);
			defaultConfigurationIsVisible = 0;
			defaultConfigurationName = Release;
		};
		85ECE91029DC2AFD006F5BBF /* Build configuration list for PBXNativeTarget "Memory Lane" */ = {
			isa = XCConfigurationList;
			buildConfigurations = (
				85ECE91129DC2AFD006F5BBF /* Debug */,
				85ECE91229DC2AFD006F5BBF /* Release */,
			);
			defaultConfigurationIsVisible = 0;
			defaultConfigurationName = Release;
		};
/* End XCConfigurationList section */

/* Begin XCVersionGroup section */
		85ECE90B29DC2AFD006F5BBF /* Memory_Lane.xcdatamodeld */ = {
			isa = XCVersionGroup;
			children = (
				85ECE90C29DC2AFD006F5BBF /* Memory_Lane.xcdatamodel */,
			);
			currentVersion = 85ECE90C29DC2AFD006F5BBF /* Memory_Lane.xcdatamodel */;
			path = Memory_Lane.xcdatamodeld;
			sourceTree = "<group>";
			versionGroupType = wrapper.xcdatamodel;
		};
/* End XCVersionGroup section */
	};
	rootObject = 85ECE8F529DC2AFC006F5BBF /* Project object */;
}
